// !$*UTF8*$!
{
	archiveVersion = 1;
	classes = {
	};
	objectVersion = 55;
	objects = {

/* Begin PBXBuildFile section */
		86BDEA882A51681800224797 /* ReviewWriteViewController.swift in Sources */ = {isa = PBXBuildFile; fileRef = 86BDEA872A51681800224797 /* ReviewWriteViewController.swift */; };
		86BDEA8A2A51682600224797 /* ReviewWritePresenter.swift in Sources */ = {isa = PBXBuildFile; fileRef = 86BDEA892A51682600224797 /* ReviewWritePresenter.swift */; };
		86D0B8FD2A50722C009A3C2A /* AppDelegate.swift in Sources */ = {isa = PBXBuildFile; fileRef = 86D0B8FC2A50722C009A3C2A /* AppDelegate.swift */; };
		86D0B8FF2A50722C009A3C2A /* SceneDelegate.swift in Sources */ = {isa = PBXBuildFile; fileRef = 86D0B8FE2A50722C009A3C2A /* SceneDelegate.swift */; };
		86D0B9012A50722C009A3C2A /* ReviewListViewController.swift in Sources */ = {isa = PBXBuildFile; fileRef = 86D0B9002A50722C009A3C2A /* ReviewListViewController.swift */; };
		86D0B9062A50722D009A3C2A /* Assets.xcassets in Resources */ = {isa = PBXBuildFile; fileRef = 86D0B9052A50722D009A3C2A /* Assets.xcassets */; };
		86D0B9092A50722D009A3C2A /* LaunchScreen.storyboard in Resources */ = {isa = PBXBuildFile; fileRef = 86D0B9072A50722D009A3C2A /* LaunchScreen.storyboard */; };
		86D0B9142A50722E009A3C2A /* BookReviewTests.swift in Sources */ = {isa = PBXBuildFile; fileRef = 86D0B9132A50722E009A3C2A /* BookReviewTests.swift */; };
		86D0B91E2A50722E009A3C2A /* BookReviewUITests.swift in Sources */ = {isa = PBXBuildFile; fileRef = 86D0B91D2A50722E009A3C2A /* BookReviewUITests.swift */; };
		86D0B9202A50722E009A3C2A /* BookReviewUITestsLaunchTests.swift in Sources */ = {isa = PBXBuildFile; fileRef = 86D0B91F2A50722E009A3C2A /* BookReviewUITestsLaunchTests.swift */; };
		86D0B92E2A5072A5009A3C2A /* SnapKit in Frameworks */ = {isa = PBXBuildFile; productRef = 86D0B92D2A5072A5009A3C2A /* SnapKit */; };
		86D0B9312A5072BF009A3C2A /* Alamofire in Frameworks */ = {isa = PBXBuildFile; productRef = 86D0B9302A5072BF009A3C2A /* Alamofire */; };
		86D0B9342A50730C009A3C2A /* Kingfisher in Frameworks */ = {isa = PBXBuildFile; productRef = 86D0B9332A50730C009A3C2A /* Kingfisher */; };
		86D0B9362A507489009A3C2A /* ReviewListPresenter.swift in Sources */ = {isa = PBXBuildFile; fileRef = 86D0B9352A507489009A3C2A /* ReviewListPresenter.swift */; };
/* End PBXBuildFile section */

/* Begin PBXContainerItemProxy section */
		86D0B9102A50722E009A3C2A /* PBXContainerItemProxy */ = {
			isa = PBXContainerItemProxy;
			containerPortal = 86D0B8F12A50722C009A3C2A /* Project object */;
			proxyType = 1;
			remoteGlobalIDString = 86D0B8F82A50722C009A3C2A;
			remoteInfo = BookReview;
		};
		86D0B91A2A50722E009A3C2A /* PBXContainerItemProxy */ = {
			isa = PBXContainerItemProxy;
			containerPortal = 86D0B8F12A50722C009A3C2A /* Project object */;
			proxyType = 1;
			remoteGlobalIDString = 86D0B8F82A50722C009A3C2A;
			remoteInfo = BookReview;
		};
/* End PBXContainerItemProxy section */

/* Begin PBXFileReference section */
		86BDEA872A51681800224797 /* ReviewWriteViewController.swift */ = {isa = PBXFileReference; lastKnownFileType = sourcecode.swift; path = ReviewWriteViewController.swift; sourceTree = "<group>"; };
		86BDEA892A51682600224797 /* ReviewWritePresenter.swift */ = {isa = PBXFileReference; lastKnownFileType = sourcecode.swift; path = ReviewWritePresenter.swift; sourceTree = "<group>"; };
		86D0B8F92A50722C009A3C2A /* BookReview.app */ = {isa = PBXFileReference; explicitFileType = wrapper.application; includeInIndex = 0; path = BookReview.app; sourceTree = BUILT_PRODUCTS_DIR; };
		86D0B8FC2A50722C009A3C2A /* AppDelegate.swift */ = {isa = PBXFileReference; lastKnownFileType = sourcecode.swift; path = AppDelegate.swift; sourceTree = "<group>"; };
		86D0B8FE2A50722C009A3C2A /* SceneDelegate.swift */ = {isa = PBXFileReference; lastKnownFileType = sourcecode.swift; path = SceneDelegate.swift; sourceTree = "<group>"; };
		86D0B9002A50722C009A3C2A /* ReviewListViewController.swift */ = {isa = PBXFileReference; lastKnownFileType = sourcecode.swift; path = ReviewListViewController.swift; sourceTree = "<group>"; };
		86D0B9052A50722D009A3C2A /* Assets.xcassets */ = {isa = PBXFileReference; lastKnownFileType = folder.assetcatalog; path = Assets.xcassets; sourceTree = "<group>"; };
		86D0B9082A50722D009A3C2A /* Base */ = {isa = PBXFileReference; lastKnownFileType = file.storyboard; name = Base; path = Base.lproj/LaunchScreen.storyboard; sourceTree = "<group>"; };
		86D0B90A2A50722D009A3C2A /* Info.plist */ = {isa = PBXFileReference; lastKnownFileType = text.plist.xml; path = Info.plist; sourceTree = "<group>"; };
		86D0B90F2A50722E009A3C2A /* BookReviewTests.xctest */ = {isa = PBXFileReference; explicitFileType = wrapper.cfbundle; includeInIndex = 0; path = BookReviewTests.xctest; sourceTree = BUILT_PRODUCTS_DIR; };
		86D0B9132A50722E009A3C2A /* BookReviewTests.swift */ = {isa = PBXFileReference; lastKnownFileType = sourcecode.swift; path = BookReviewTests.swift; sourceTree = "<group>"; };
		86D0B9192A50722E009A3C2A /* BookReviewUITests.xctest */ = {isa = PBXFileReference; explicitFileType = wrapper.cfbundle; includeInIndex = 0; path = BookReviewUITests.xctest; sourceTree = BUILT_PRODUCTS_DIR; };
		86D0B91D2A50722E009A3C2A /* BookReviewUITests.swift */ = {isa = PBXFileReference; lastKnownFileType = sourcecode.swift; path = BookReviewUITests.swift; sourceTree = "<group>"; };
		86D0B91F2A50722E009A3C2A /* BookReviewUITestsLaunchTests.swift */ = {isa = PBXFileReference; lastKnownFileType = sourcecode.swift; path = BookReviewUITestsLaunchTests.swift; sourceTree = "<group>"; };
		86D0B9352A507489009A3C2A /* ReviewListPresenter.swift */ = {isa = PBXFileReference; lastKnownFileType = sourcecode.swift; path = ReviewListPresenter.swift; sourceTree = "<group>"; };
/* End PBXFileReference section */

/* Begin PBXFrameworksBuildPhase section */
		86D0B8F62A50722C009A3C2A /* Frameworks */ = {
			isa = PBXFrameworksBuildPhase;
			buildActionMask = 2147483647;
			files = (
				86D0B9342A50730C009A3C2A /* Kingfisher in Frameworks */,
				86D0B92E2A5072A5009A3C2A /* SnapKit in Frameworks */,
				86D0B9312A5072BF009A3C2A /* Alamofire in Frameworks */,
			);
			runOnlyForDeploymentPostprocessing = 0;
		};
		86D0B90C2A50722E009A3C2A /* Frameworks */ = {
			isa = PBXFrameworksBuildPhase;
			buildActionMask = 2147483647;
			files = (
			);
			runOnlyForDeploymentPostprocessing = 0;
		};
		86D0B9162A50722E009A3C2A /* Frameworks */ = {
			isa = PBXFrameworksBuildPhase;
			buildActionMask = 2147483647;
			files = (
			);
			runOnlyForDeploymentPostprocessing = 0;
		};
/* End PBXFrameworksBuildPhase section */

/* Begin PBXGroup section */
		86BDEA8B2A51682E00224797 /* ReviewWrite */ = {
			isa = PBXGroup;
			children = (
				86BDEA872A51681800224797 /* ReviewWriteViewController.swift */,
				86BDEA892A51682600224797 /* ReviewWritePresenter.swift */,
			);
			path = ReviewWrite;
			sourceTree = "<group>";
		};
		86D0B8F02A50722C009A3C2A = {
			isa = PBXGroup;
			children = (
				86D0B8FB2A50722C009A3C2A /* BookReview */,
				86D0B9122A50722E009A3C2A /* BookReviewTests */,
				86D0B91C2A50722E009A3C2A /* BookReviewUITests */,
				86D0B8FA2A50722C009A3C2A /* Products */,
			);
			sourceTree = "<group>";
		};
		86D0B8FA2A50722C009A3C2A /* Products */ = {
			isa = PBXGroup;
			children = (
				86D0B8F92A50722C009A3C2A /* BookReview.app */,
				86D0B90F2A50722E009A3C2A /* BookReviewTests.xctest */,
				86D0B9192A50722E009A3C2A /* BookReviewUITests.xctest */,
			);
			name = Products;
			sourceTree = "<group>";
		};
		86D0B8FB2A50722C009A3C2A /* BookReview */ = {
			isa = PBXGroup;
			children = (
				86D0B8FC2A50722C009A3C2A /* AppDelegate.swift */,
				86D0B8FE2A50722C009A3C2A /* SceneDelegate.swift */,
				86D0B9382A50749E009A3C2A /* Scene */,
				86D0B9052A50722D009A3C2A /* Assets.xcassets */,
				86D0B9072A50722D009A3C2A /* LaunchScreen.storyboard */,
				86D0B90A2A50722D009A3C2A /* Info.plist */,
			);
			path = BookReview;
			sourceTree = "<group>";
		};
		86D0B9122A50722E009A3C2A /* BookReviewTests */ = {
			isa = PBXGroup;
			children = (
				86D0B9132A50722E009A3C2A /* BookReviewTests.swift */,
			);
			path = BookReviewTests;
			sourceTree = "<group>";
		};
		86D0B91C2A50722E009A3C2A /* BookReviewUITests */ = {
			isa = PBXGroup;
			children = (
				86D0B91D2A50722E009A3C2A /* BookReviewUITests.swift */,
				86D0B91F2A50722E009A3C2A /* BookReviewUITestsLaunchTests.swift */,
			);
			path = BookReviewUITests;
			sourceTree = "<group>";
		};
		86D0B9372A507496009A3C2A /* ReviewList */ = {
			isa = PBXGroup;
			children = (
				86D0B9002A50722C009A3C2A /* ReviewListViewController.swift */,
				86D0B9352A507489009A3C2A /* ReviewListPresenter.swift */,
			);
			path = ReviewList;
			sourceTree = "<group>";
		};
		86D0B9382A50749E009A3C2A /* Scene */ = {
			isa = PBXGroup;
			children = (
				86D0B9372A507496009A3C2A /* ReviewList */,
				86BDEA8B2A51682E00224797 /* ReviewWrite */,
			);
			path = Scene;
			sourceTree = "<group>";
		};
/* End PBXGroup section */

/* Begin PBXNativeTarget section */
		86D0B8F82A50722C009A3C2A /* BookReview */ = {
			isa = PBXNativeTarget;
			buildConfigurationList = 86D0B9232A50722E009A3C2A /* Build configuration list for PBXNativeTarget "BookReview" */;
			buildPhases = (
				86D0B8F52A50722C009A3C2A /* Sources */,
				86D0B8F62A50722C009A3C2A /* Frameworks */,
				86D0B8F72A50722C009A3C2A /* Resources */,
			);
			buildRules = (
			);
			dependencies = (
			);
			name = BookReview;
			packageProductDependencies = (
				86D0B92D2A5072A5009A3C2A /* SnapKit */,
				86D0B9302A5072BF009A3C2A /* Alamofire */,
				86D0B9332A50730C009A3C2A /* Kingfisher */,
			);
			productName = BookReview;
			productReference = 86D0B8F92A50722C009A3C2A /* BookReview.app */;
			productType = "com.apple.product-type.application";
		};
		86D0B90E2A50722E009A3C2A /* BookReviewTests */ = {
			isa = PBXNativeTarget;
			buildConfigurationList = 86D0B9262A50722E009A3C2A /* Build configuration list for PBXNativeTarget "BookReviewTests" */;
			buildPhases = (
				86D0B90B2A50722E009A3C2A /* Sources */,
				86D0B90C2A50722E009A3C2A /* Frameworks */,
				86D0B90D2A50722E009A3C2A /* Resources */,
			);
			buildRules = (
			);
			dependencies = (
				86D0B9112A50722E009A3C2A /* PBXTargetDependency */,
			);
			name = BookReviewTests;
			productName = BookReviewTests;
			productReference = 86D0B90F2A50722E009A3C2A /* BookReviewTests.xctest */;
			productType = "com.apple.product-type.bundle.unit-test";
		};
		86D0B9182A50722E009A3C2A /* BookReviewUITests */ = {
			isa = PBXNativeTarget;
			buildConfigurationList = 86D0B9292A50722E009A3C2A /* Build configuration list for PBXNativeTarget "BookReviewUITests" */;
			buildPhases = (
				86D0B9152A50722E009A3C2A /* Sources */,
				86D0B9162A50722E009A3C2A /* Frameworks */,
				86D0B9172A50722E009A3C2A /* Resources */,
			);
			buildRules = (
			);
			dependencies = (
				86D0B91B2A50722E009A3C2A /* PBXTargetDependency */,
			);
			name = BookReviewUITests;
			productName = BookReviewUITests;
			productReference = 86D0B9192A50722E009A3C2A /* BookReviewUITests.xctest */;
			productType = "com.apple.product-type.bundle.ui-testing";
		};
/* End PBXNativeTarget section */

/* Begin PBXProject section */
		86D0B8F12A50722C009A3C2A /* Project object */ = {
			isa = PBXProject;
			attributes = {
				BuildIndependentTargetsInParallel = 1;
				LastSwiftUpdateCheck = 1340;
				LastUpgradeCheck = 1340;
				TargetAttributes = {
					86D0B8F82A50722C009A3C2A = {
						CreatedOnToolsVersion = 13.4.1;
					};
					86D0B90E2A50722E009A3C2A = {
						CreatedOnToolsVersion = 13.4.1;
						TestTargetID = 86D0B8F82A50722C009A3C2A;
					};
					86D0B9182A50722E009A3C2A = {
						CreatedOnToolsVersion = 13.4.1;
						TestTargetID = 86D0B8F82A50722C009A3C2A;
					};
				};
			};
			buildConfigurationList = 86D0B8F42A50722C009A3C2A /* Build configuration list for PBXProject "BookReview" */;
			compatibilityVersion = "Xcode 13.0";
			developmentRegion = en;
			hasScannedForEncodings = 0;
			knownRegions = (
				en,
				Base,
			);
			mainGroup = 86D0B8F02A50722C009A3C2A;
			packageReferences = (
				86D0B92C2A5072A5009A3C2A /* XCRemoteSwiftPackageReference "SnapKit" */,
				86D0B92F2A5072BF009A3C2A /* XCRemoteSwiftPackageReference "Alamofire" */,
				86D0B9322A50730C009A3C2A /* XCRemoteSwiftPackageReference "Kingfisher" */,
			);
			productRefGroup = 86D0B8FA2A50722C009A3C2A /* Products */;
			projectDirPath = "";
			projectRoot = "";
			targets = (
				86D0B8F82A50722C009A3C2A /* BookReview */,
				86D0B90E2A50722E009A3C2A /* BookReviewTests */,
				86D0B9182A50722E009A3C2A /* BookReviewUITests */,
			);
		};
/* End PBXProject section */

/* Begin PBXResourcesBuildPhase section */
		86D0B8F72A50722C009A3C2A /* Resources */ = {
			isa = PBXResourcesBuildPhase;
			buildActionMask = 2147483647;
			files = (
				86D0B9092A50722D009A3C2A /* LaunchScreen.storyboard in Resources */,
				86D0B9062A50722D009A3C2A /* Assets.xcassets in Resources */,
			);
			runOnlyForDeploymentPostprocessing = 0;
		};
		86D0B90D2A50722E009A3C2A /* Resources */ = {
			isa = PBXResourcesBuildPhase;
			buildActionMask = 2147483647;
			files = (
			);
			runOnlyForDeploymentPostprocessing = 0;
		};
		86D0B9172A50722E009A3C2A /* Resources */ = {
			isa = PBXResourcesBuildPhase;
			buildActionMask = 2147483647;
			files = (
			);
			runOnlyForDeploymentPostprocessing = 0;
		};
/* End PBXResourcesBuildPhase section */

/* Begin PBXSourcesBuildPhase section */
		86D0B8F52A50722C009A3C2A /* Sources */ = {
			isa = PBXSourcesBuildPhase;
			buildActionMask = 2147483647;
			files = (
				86BDEA8A2A51682600224797 /* ReviewWritePresenter.swift in Sources */,
				86D0B9012A50722C009A3C2A /* ReviewListViewController.swift in Sources */,
				86D0B8FD2A50722C009A3C2A /* AppDelegate.swift in Sources */,
				86BDEA882A51681800224797 /* ReviewWriteViewController.swift in Sources */,
				86D0B9362A507489009A3C2A /* ReviewListPresenter.swift in Sources */,
				86D0B8FF2A50722C009A3C2A /* SceneDelegate.swift in Sources */,
			);
			runOnlyForDeploymentPostprocessing = 0;
		};
		86D0B90B2A50722E009A3C2A /* Sources */ = {
			isa = PBXSourcesBuildPhase;
			buildActionMask = 2147483647;
			files = (
				86D0B9142A50722E009A3C2A /* BookReviewTests.swift in Sources */,
			);
			runOnlyForDeploymentPostprocessing = 0;
		};
		86D0B9152A50722E009A3C2A /* Sources */ = {
			isa = PBXSourcesBuildPhase;
			buildActionMask = 2147483647;
			files = (
				86D0B91E2A50722E009A3C2A /* BookReviewUITests.swift in Sources */,
				86D0B9202A50722E009A3C2A /* BookReviewUITestsLaunchTests.swift in Sources */,
			);
			runOnlyForDeploymentPostprocessing = 0;
		};
/* End PBXSourcesBuildPhase section */

/* Begin PBXTargetDependency section */
		86D0B9112A50722E009A3C2A /* PBXTargetDependency */ = {
			isa = PBXTargetDependency;
			target = 86D0B8F82A50722C009A3C2A /* BookReview */;
			targetProxy = 86D0B9102A50722E009A3C2A /* PBXContainerItemProxy */;
		};
		86D0B91B2A50722E009A3C2A /* PBXTargetDependency */ = {
			isa = PBXTargetDependency;
			target = 86D0B8F82A50722C009A3C2A /* BookReview */;
			targetProxy = 86D0B91A2A50722E009A3C2A /* PBXContainerItemProxy */;
		};
/* End PBXTargetDependency section */

/* Begin PBXVariantGroup section */
		86D0B9072A50722D009A3C2A /* LaunchScreen.storyboard */ = {
			isa = PBXVariantGroup;
			children = (
				86D0B9082A50722D009A3C2A /* Base */,
			);
			name = LaunchScreen.storyboard;
			sourceTree = "<group>";
		};
/* End PBXVariantGroup section */

/* Begin XCBuildConfiguration section */
		86D0B9212A50722E009A3C2A /* Debug */ = {
			isa = XCBuildConfiguration;
			buildSettings = {
				ALWAYS_SEARCH_USER_PATHS = NO;
				CLANG_ANALYZER_NONNULL = YES;
				CLANG_ANALYZER_NUMBER_OBJECT_CONVERSION = YES_AGGRESSIVE;
				CLANG_CXX_LANGUAGE_STANDARD = "gnu++17";
				CLANG_ENABLE_MODULES = YES;
				CLANG_ENABLE_OBJC_ARC = YES;
				CLANG_ENABLE_OBJC_WEAK = YES;
				CLANG_WARN_BLOCK_CAPTURE_AUTORELEASING = YES;
				CLANG_WARN_BOOL_CONVERSION = YES;
				CLANG_WARN_COMMA = YES;
				CLANG_WARN_CONSTANT_CONVERSION = YES;
				CLANG_WARN_DEPRECATED_OBJC_IMPLEMENTATIONS = YES;
				CLANG_WARN_DIRECT_OBJC_ISA_USAGE = YES_ERROR;
				CLANG_WARN_DOCUMENTATION_COMMENTS = YES;
				CLANG_WARN_EMPTY_BODY = YES;
				CLANG_WARN_ENUM_CONVERSION = YES;
				CLANG_WARN_INFINITE_RECURSION = YES;
				CLANG_WARN_INT_CONVERSION = YES;
				CLANG_WARN_NON_LITERAL_NULL_CONVERSION = YES;
				CLANG_WARN_OBJC_IMPLICIT_RETAIN_SELF = YES;
				CLANG_WARN_OBJC_LITERAL_CONVERSION = YES;
				CLANG_WARN_OBJC_ROOT_CLASS = YES_ERROR;
				CLANG_WARN_QUOTED_INCLUDE_IN_FRAMEWORK_HEADER = YES;
				CLANG_WARN_RANGE_LOOP_ANALYSIS = YES;
				CLANG_WARN_STRICT_PROTOTYPES = YES;
				CLANG_WARN_SUSPICIOUS_MOVE = YES;
				CLANG_WARN_UNGUARDED_AVAILABILITY = YES_AGGRESSIVE;
				CLANG_WARN_UNREACHABLE_CODE = YES;
				CLANG_WARN__DUPLICATE_METHOD_MATCH = YES;
				COPY_PHASE_STRIP = NO;
				DEBUG_INFORMATION_FORMAT = dwarf;
				ENABLE_STRICT_OBJC_MSGSEND = YES;
				ENABLE_TESTABILITY = YES;
				GCC_C_LANGUAGE_STANDARD = gnu11;
				GCC_DYNAMIC_NO_PIC = NO;
				GCC_NO_COMMON_BLOCKS = YES;
				GCC_OPTIMIZATION_LEVEL = 0;
				GCC_PREPROCESSOR_DEFINITIONS = (
					"DEBUG=1",
					"$(inherited)",
				);
				GCC_WARN_64_TO_32_BIT_CONVERSION = YES;
				GCC_WARN_ABOUT_RETURN_TYPE = YES_ERROR;
				GCC_WARN_UNDECLARED_SELECTOR = YES;
				GCC_WARN_UNINITIALIZED_AUTOS = YES_AGGRESSIVE;
				GCC_WARN_UNUSED_FUNCTION = YES;
				GCC_WARN_UNUSED_VARIABLE = YES;
				IPHONEOS_DEPLOYMENT_TARGET = 15.5;
				MTL_ENABLE_DEBUG_INFO = INCLUDE_SOURCE;
				MTL_FAST_MATH = YES;
				ONLY_ACTIVE_ARCH = YES;
				SDKROOT = iphoneos;
				SWIFT_ACTIVE_COMPILATION_CONDITIONS = DEBUG;
				SWIFT_OPTIMIZATION_LEVEL = "-Onone";
			};
			name = Debug;
		};
		86D0B9222A50722E009A3C2A /* Release */ = {
			isa = XCBuildConfiguration;
			buildSettings = {
				ALWAYS_SEARCH_USER_PATHS = NO;
				CLANG_ANALYZER_NONNULL = YES;
				CLANG_ANALYZER_NUMBER_OBJECT_CONVERSION = YES_AGGRESSIVE;
				CLANG_CXX_LANGUAGE_STANDARD = "gnu++17";
				CLANG_ENABLE_MODULES = YES;
				CLANG_ENABLE_OBJC_ARC = YES;
				CLANG_ENABLE_OBJC_WEAK = YES;
				CLANG_WARN_BLOCK_CAPTURE_AUTORELEASING = YES;
				CLANG_WARN_BOOL_CONVERSION = YES;
				CLANG_WARN_COMMA = YES;
				CLANG_WARN_CONSTANT_CONVERSION = YES;
				CLANG_WARN_DEPRECATED_OBJC_IMPLEMENTATIONS = YES;
				CLANG_WARN_DIRECT_OBJC_ISA_USAGE = YES_ERROR;
				CLANG_WARN_DOCUMENTATION_COMMENTS = YES;
				CLANG_WARN_EMPTY_BODY = YES;
				CLANG_WARN_ENUM_CONVERSION = YES;
				CLANG_WARN_INFINITE_RECURSION = YES;
				CLANG_WARN_INT_CONVERSION = YES;
				CLANG_WARN_NON_LITERAL_NULL_CONVERSION = YES;
				CLANG_WARN_OBJC_IMPLICIT_RETAIN_SELF = YES;
				CLANG_WARN_OBJC_LITERAL_CONVERSION = YES;
				CLANG_WARN_OBJC_ROOT_CLASS = YES_ERROR;
				CLANG_WARN_QUOTED_INCLUDE_IN_FRAMEWORK_HEADER = YES;
				CLANG_WARN_RANGE_LOOP_ANALYSIS = YES;
				CLANG_WARN_STRICT_PROTOTYPES = YES;
				CLANG_WARN_SUSPICIOUS_MOVE = YES;
				CLANG_WARN_UNGUARDED_AVAILABILITY = YES_AGGRESSIVE;
				CLANG_WARN_UNREACHABLE_CODE = YES;
				CLANG_WARN__DUPLICATE_METHOD_MATCH = YES;
				COPY_PHASE_STRIP = NO;
				DEBUG_INFORMATION_FORMAT = "dwarf-with-dsym";
				ENABLE_NS_ASSERTIONS = NO;
				ENABLE_STRICT_OBJC_MSGSEND = YES;
				GCC_C_LANGUAGE_STANDARD = gnu11;
				GCC_NO_COMMON_BLOCKS = YES;
				GCC_WARN_64_TO_32_BIT_CONVERSION = YES;
				GCC_WARN_ABOUT_RETURN_TYPE = YES_ERROR;
				GCC_WARN_UNDECLARED_SELECTOR = YES;
				GCC_WARN_UNINITIALIZED_AUTOS = YES_AGGRESSIVE;
				GCC_WARN_UNUSED_FUNCTION = YES;
				GCC_WARN_UNUSED_VARIABLE = YES;
				IPHONEOS_DEPLOYMENT_TARGET = 15.5;
				MTL_ENABLE_DEBUG_INFO = NO;
				MTL_FAST_MATH = YES;
				SDKROOT = iphoneos;
				SWIFT_COMPILATION_MODE = wholemodule;
				SWIFT_OPTIMIZATION_LEVEL = "-O";
				VALIDATE_PRODUCT = YES;
			};
			name = Release;
		};
		86D0B9242A50722E009A3C2A /* Debug */ = {
			isa = XCBuildConfiguration;
			buildSettings = {
				ASSETCATALOG_COMPILER_APPICON_NAME = AppIcon;
				ASSETCATALOG_COMPILER_GLOBAL_ACCENT_COLOR_NAME = AccentColor;
				CODE_SIGN_STYLE = Automatic;
				CURRENT_PROJECT_VERSION = 1;
				DEVELOPMENT_TEAM = SC2M4P5Z8J;
				GENERATE_INFOPLIST_FILE = YES;
				INFOPLIST_FILE = BookReview/Info.plist;
				INFOPLIST_KEY_UIApplicationSupportsIndirectInputEvents = YES;
				INFOPLIST_KEY_UILaunchStoryboardName = LaunchScreen;
				INFOPLIST_KEY_UISupportedInterfaceOrientations_iPad = "UIInterfaceOrientationPortrait UIInterfaceOrientationPortraitUpsideDown UIInterfaceOrientationLandscapeLeft UIInterfaceOrientationLandscapeRight";
				INFOPLIST_KEY_UISupportedInterfaceOrientations_iPhone = "UIInterfaceOrientationPortrait UIInterfaceOrientationLandscapeLeft UIInterfaceOrientationLandscapeRight";
				IPHONEOS_DEPLOYMENT_TARGET = 14.5;
				LD_RUNPATH_SEARCH_PATHS = (
					"$(inherited)",
					"@executable_path/Frameworks",
				);
				MARKETING_VERSION = 1.0;
				PRODUCT_BUNDLE_IDENTIFIER = com.torinunna.BookReview;
				PRODUCT_NAME = "$(TARGET_NAME)";
				SWIFT_EMIT_LOC_STRINGS = YES;
				SWIFT_VERSION = 5.0;
				TARGETED_DEVICE_FAMILY = "1,2";
			};
			name = Debug;
		};
		86D0B9252A50722E009A3C2A /* Release */ = {
			isa = XCBuildConfiguration;
			buildSettings = {
				ASSETCATALOG_COMPILER_APPICON_NAME = AppIcon;
				ASSETCATALOG_COMPILER_GLOBAL_ACCENT_COLOR_NAME = AccentColor;
				CODE_SIGN_STYLE = Automatic;
				CURRENT_PROJECT_VERSION = 1;
				DEVELOPMENT_TEAM = SC2M4P5Z8J;
				GENERATE_INFOPLIST_FILE = YES;
				INFOPLIST_FILE = BookReview/Info.plist;
				INFOPLIST_KEY_UIApplicationSupportsIndirectInputEvents = YES;
				INFOPLIST_KEY_UILaunchStoryboardName = LaunchScreen;
				INFOPLIST_KEY_UISupportedInterfaceOrientations_iPad = "UIInterfaceOrientationPortrait UIInterfaceOrientationPortraitUpsideDown UIInterfaceOrientationLandscapeLeft UIInterfaceOrientationLandscapeRight";
				INFOPLIST_KEY_UISupportedInterfaceOrientations_iPhone = "UIInterfaceOrientationPortrait UIInterfaceOrientationLandscapeLeft UIInterfaceOrientationLandscapeRight";
				IPHONEOS_DEPLOYMENT_TARGET = 14.5;
				LD_RUNPATH_SEARCH_PATHS = (
					"$(inherited)",
					"@executable_path/Frameworks",
				);
				MARKETING_VERSION = 1.0;
				PRODUCT_BUNDLE_IDENTIFIER = com.torinunna.BookReview;
				PRODUCT_NAME = "$(TARGET_NAME)";
				SWIFT_EMIT_LOC_STRINGS = YES;
				SWIFT_VERSION = 5.0;
				TARGETED_DEVICE_FAMILY = "1,2";
			};
			name = Release;
		};
		86D0B9272A50722E009A3C2A /* Debug */ = {
			isa = XCBuildConfiguration;
			buildSettings = {
				ALWAYS_EMBED_SWIFT_STANDARD_LIBRARIES = YES;
				BUNDLE_LOADER = "$(TEST_HOST)";
				CODE_SIGN_STYLE = Automatic;
				CURRENT_PROJECT_VERSION = 1;
				DEVELOPMENT_TEAM = SC2M4P5Z8J;
				GENERATE_INFOPLIST_FILE = YES;
				IPHONEOS_DEPLOYMENT_TARGET = 15.5;
				MARKETING_VERSION = 1.0;
				PRODUCT_BUNDLE_IDENTIFIER = com.torinunna.BookReviewTests;
				PRODUCT_NAME = "$(TARGET_NAME)";
				SWIFT_EMIT_LOC_STRINGS = NO;
				SWIFT_VERSION = 5.0;
				TARGETED_DEVICE_FAMILY = "1,2";
				TEST_HOST = "$(BUILT_PRODUCTS_DIR)/BookReview.app/BookReview";
			};
			name = Debug;
		};
		86D0B9282A50722E009A3C2A /* Release */ = {
			isa = XCBuildConfiguration;
			buildSettings = {
				ALWAYS_EMBED_SWIFT_STANDARD_LIBRARIES = YES;
				BUNDLE_LOADER = "$(TEST_HOST)";
				CODE_SIGN_STYLE = Automatic;
				CURRENT_PROJECT_VERSION = 1;
				DEVELOPMENT_TEAM = SC2M4P5Z8J;
				GENERATE_INFOPLIST_FILE = YES;
				IPHONEOS_DEPLOYMENT_TARGET = 15.5;
				MARKETING_VERSION = 1.0;
				PRODUCT_BUNDLE_IDENTIFIER = com.torinunna.BookReviewTests;
				PRODUCT_NAME = "$(TARGET_NAME)";
				SWIFT_EMIT_LOC_STRINGS = NO;
				SWIFT_VERSION = 5.0;
				TARGETED_DEVICE_FAMILY = "1,2";
				TEST_HOST = "$(BUILT_PRODUCTS_DIR)/BookReview.app/BookReview";
			};
			name = Release;
		};
		86D0B92A2A50722E009A3C2A /* Debug */ = {
			isa = XCBuildConfiguration;
			buildSettings = {
				ALWAYS_EMBED_SWIFT_STANDARD_LIBRARIES = YES;
				CODE_SIGN_STYLE = Automatic;
				CURRENT_PROJECT_VERSION = 1;
				DEVELOPMENT_TEAM = SC2M4P5Z8J;
				GENERATE_INFOPLIST_FILE = YES;
				MARKETING_VERSION = 1.0;
				PRODUCT_BUNDLE_IDENTIFIER = com.torinunna.BookReviewUITests;
				PRODUCT_NAME = "$(TARGET_NAME)";
				SWIFT_EMIT_LOC_STRINGS = NO;
				SWIFT_VERSION = 5.0;
				TARGETED_DEVICE_FAMILY = "1,2";
				TEST_TARGET_NAME = BookReview;
			};
			name = Debug;
		};
		86D0B92B2A50722E009A3C2A /* Release */ = {
			isa = XCBuildConfiguration;
			buildSettings = {
				ALWAYS_EMBED_SWIFT_STANDARD_LIBRARIES = YES;
				CODE_SIGN_STYLE = Automatic;
				CURRENT_PROJECT_VERSION = 1;
				DEVELOPMENT_TEAM = SC2M4P5Z8J;
				GENERATE_INFOPLIST_FILE = YES;
				MARKETING_VERSION = 1.0;
				PRODUCT_BUNDLE_IDENTIFIER = com.torinunna.BookReviewUITests;
				PRODUCT_NAME = "$(TARGET_NAME)";
				SWIFT_EMIT_LOC_STRINGS = NO;
				SWIFT_VERSION = 5.0;
				TARGETED_DEVICE_FAMILY = "1,2";
				TEST_TARGET_NAME = BookReview;
			};
			name = Release;
		};
/* End XCBuildConfiguration section */

/* Begin XCConfigurationList section */
		86D0B8F42A50722C009A3C2A /* Build configuration list for PBXProject "BookReview" */ = {
			isa = XCConfigurationList;
			buildConfigurations = (
				86D0B9212A50722E009A3C2A /* Debug */,
				86D0B9222A50722E009A3C2A /* Release */,
			);
			defaultConfigurationIsVisible = 0;
			defaultConfigurationName = Release;
		};
		86D0B9232A50722E009A3C2A /* Build configuration list for PBXNativeTarget "BookReview" */ = {
			isa = XCConfigurationList;
			buildConfigurations = (
				86D0B9242A50722E009A3C2A /* Debug */,
				86D0B9252A50722E009A3C2A /* Release */,
			);
			defaultConfigurationIsVisible = 0;
			defaultConfigurationName = Release;
		};
		86D0B9262A50722E009A3C2A /* Build configuration list for PBXNativeTarget "BookReviewTests" */ = {
			isa = XCConfigurationList;
			buildConfigurations = (
				86D0B9272A50722E009A3C2A /* Debug */,
				86D0B9282A50722E009A3C2A /* Release */,
			);
			defaultConfigurationIsVisible = 0;
			defaultConfigurationName = Release;
		};
		86D0B9292A50722E009A3C2A /* Build configuration list for PBXNativeTarget "BookReviewUITests" */ = {
			isa = XCConfigurationList;
			buildConfigurations = (
				86D0B92A2A50722E009A3C2A /* Debug */,
				86D0B92B2A50722E009A3C2A /* Release */,
			);
			defaultConfigurationIsVisible = 0;
			defaultConfigurationName = Release;
		};
/* End XCConfigurationList section */

/* Begin XCRemoteSwiftPackageReference section */
		86D0B92C2A5072A5009A3C2A /* XCRemoteSwiftPackageReference "SnapKit" */ = {
			isa = XCRemoteSwiftPackageReference;
			repositoryURL = "https://github.com/SnapKit/SnapKit.git";
			requirement = {
				kind = upToNextMajorVersion;
				minimumVersion = 5.0.0;
			};
		};
		86D0B92F2A5072BF009A3C2A /* XCRemoteSwiftPackageReference "Alamofire" */ = {
			isa = XCRemoteSwiftPackageReference;
			repositoryURL = "https://github.com/Alamofire/Alamofire.git";
			requirement = {
				kind = upToNextMajorVersion;
				minimumVersion = 5.0.0;
			};
		};
		86D0B9322A50730C009A3C2A /* XCRemoteSwiftPackageReference "Kingfisher" */ = {
			isa = XCRemoteSwiftPackageReference;
			repositoryURL = "https://github.com/onevcat/Kingfisher.git";
			requirement = {
				kind = upToNextMajorVersion;
				minimumVersion = 7.0.0;
			};
		};
/* End XCRemoteSwiftPackageReference section */

/* Begin XCSwiftPackageProductDependency section */
		86D0B92D2A5072A5009A3C2A /* SnapKit */ = {
			isa = XCSwiftPackageProductDependency;
			package = 86D0B92C2A5072A5009A3C2A /* XCRemoteSwiftPackageReference "SnapKit" */;
			productName = SnapKit;
		};
		86D0B9302A5072BF009A3C2A /* Alamofire */ = {
			isa = XCSwiftPackageProductDependency;
			package = 86D0B92F2A5072BF009A3C2A /* XCRemoteSwiftPackageReference "Alamofire" */;
			productName = Alamofire;
		};
		86D0B9332A50730C009A3C2A /* Kingfisher */ = {
			isa = XCSwiftPackageProductDependency;
			package = 86D0B9322A50730C009A3C2A /* XCRemoteSwiftPackageReference "Kingfisher" */;
			productName = Kingfisher;
		};
/* End XCSwiftPackageProductDependency section */
	};
	rootObject = 86D0B8F12A50722C009A3C2A /* Project object */;
}
